
Microsoft Visual Studio Solution File, Format Version 12.00
# Visual Studio Version 16
VisualStudioVersion = 16.0.30517.126
MinimumVisualStudioVersion = 10.0.40219.1
Project("{FAE04EC0-301F-11D3-BF4B-00C04F79EFBC}") = "MVC_Store", "MVC_Store.csproj", "{9FFAB567-3DA1-4BBF-83FB-10C3D021B61C}"
EndProject
Global
	GlobalSection(SolutionConfigurationPlatforms) = preSolution
		Debug|Any CPU = Debug|Any CPU
		Release|Any CPU = Release|Any CPU
	EndGlobalSection
	GlobalSection(ProjectConfigurationPlatforms) = postSolution
		{9FFAB567-3DA1-4BBF-83FB-10C3D021B61C}.Debug|Any CPU.ActiveCfg = Debug|Any CPU
		{9FFAB567-3DA1-4BBF-83FB-10C3D021B61C}.Debug|Any CPU.Build.0 = Debug|Any CPU
		{9FFAB567-3DA1-4BBF-83FB-10C3D021B61C}.Release|Any CPU.ActiveCfg = Release|Any CPU
		{9FFAB567-3DA1-4BBF-83FB-10C3D021B61C}.Release|Any CPU.Build.0 = Release|Any CPU
	EndGlobalSection
	GlobalSection(SolutionProperties) = preSolution
		HideSolutionNode = FALSE
	EndGlobalSection
	GlobalSection(ExtensibilityGlobals) = postSolution
		SolutionGuid = {4659FA03-668B-4AE8-B95F-F78A77142866}
	EndGlobalSection
EndGlobal
